
Microsoft Visual Studio Solution File, Format Version 12.00
# Visual Studio 15
VisualStudioVersion = 15.0.28307.421
MinimumVisualStudioVersion = 10.0.40219.1
Project("{FAE04EC0-301F-11D3-BF4B-00C04F79EFBC}") = "vidly", "vidly\vidly.csproj", "{CDD20782-E45C-420C-980F-26FE77287D49}"
EndProject
Project("{E53339B2-1760-4266-BCC7-CA923CBCF16C}") = "docker-compose", "docker-compose.dcproj", "{1BC6D268-CE35-4B9D-9EFA-5073E869FC69}"
EndProject
Global
	GlobalSection(SolutionConfigurationPlatforms) = preSolution
		Debug|Any CPU = Debug|Any CPU
		Release|Any CPU = Release|Any CPU
	EndGlobalSection
	GlobalSection(ProjectConfigurationPlatforms) = postSolution
		{CDD20782-E45C-420C-980F-26FE77287D49}.Debug|Any CPU.ActiveCfg = Debug|Any CPU
		{CDD20782-E45C-420C-980F-26FE77287D49}.Debug|Any CPU.Build.0 = Debug|Any CPU
		{CDD20782-E45C-420C-980F-26FE77287D49}.Release|Any CPU.ActiveCfg = Release|Any CPU
		{CDD20782-E45C-420C-980F-26FE77287D49}.Release|Any CPU.Build.0 = Release|Any CPU
		{1BC6D268-CE35-4B9D-9EFA-5073E869FC69}.Debug|Any CPU.ActiveCfg = Debug|Any CPU
		{1BC6D268-CE35-4B9D-9EFA-5073E869FC69}.Debug|Any CPU.Build.0 = Debug|Any CPU
		{1BC6D268-CE35-4B9D-9EFA-5073E869FC69}.Release|Any CPU.ActiveCfg = Release|Any CPU
		{1BC6D268-CE35-4B9D-9EFA-5073E869FC69}.Release|Any CPU.Build.0 = Release|Any CPU
	EndGlobalSection
	GlobalSection(SolutionProperties) = preSolution
		HideSolutionNode = FALSE
	EndGlobalSection
	GlobalSection(ExtensibilityGlobals) = postSolution
		SolutionGuid = {DE065D49-0108-49CF-B83D-39104B63B2BC}
	EndGlobalSection
EndGlobal
